
Microsoft Visual Studio Solution File, Format Version 12.00
# Visual Studio Version 17
VisualStudioVersion = 17.1.32319.34
MinimumVisualStudioVersion = 10.0.40219.1
Project("{FAE04EC0-301F-11D3-BF4B-00C04F79EFBC}") = "SEDC.Oop.Class05.Classes", "SEDC.Oop.Class05.Classes\SEDC.Oop.Class05.Classes.csproj", "{03047E84-5F47-421D-B235-607B19F0D20E}"
EndProject
Global
	GlobalSection(SolutionConfigurationPlatforms) = preSolution
		Debug|Any CPU = Debug|Any CPU
		Release|Any CPU = Release|Any CPU
	EndGlobalSection
	GlobalSection(ProjectConfigurationPlatforms) = postSolution
		{03047E84-5F47-421D-B235-607B19F0D20E}.Debug|Any CPU.ActiveCfg = Debug|Any CPU
		{03047E84-5F47-421D-B235-607B19F0D20E}.Debug|Any CPU.Build.0 = Debug|Any CPU
		{03047E84-5F47-421D-B235-607B19F0D20E}.Release|Any CPU.ActiveCfg = Release|Any CPU
		{03047E84-5F47-421D-B235-607B19F0D20E}.Release|Any CPU.Build.0 = Release|Any CPU
	EndGlobalSection
	GlobalSection(SolutionProperties) = preSolution
		HideSolutionNode = FALSE
	EndGlobalSection
	GlobalSection(ExtensibilityGlobals) = postSolution
		SolutionGuid = {4013944F-6D93-48A8-AC59-8CC197DE5EFA}
	EndGlobalSection
EndGlobal
