
Microsoft Visual Studio Solution File, Format Version 12.00
# Visual Studio Version 17
VisualStudioVersion = 17.1.32319.34
MinimumVisualStudioVersion = 10.0.40219.1
Project("{FAE04EC0-301F-11D3-BF4B-00C04F79EFBC}") = "SEDC.Oop.Class03.Homework.SumOfEven", "SEDC.Oop.Class03.Homework.SumOfEven\SEDC.Oop.Class03.Homework.SumOfEven.csproj", "{9CB501D6-9ADB-408E-8DEE-8EEB5A0BD649}"
EndProject
Project("{FAE04EC0-301F-11D3-BF4B-00C04F79EFBC}") = "SEDC.Oop.Class03.Homework.StudentGroup", "SEDC.Oop.Class03.Homework.StudentGroup\SEDC.Oop.Class03.Homework.StudentGroup.csproj", "{83CE310D-484B-477C-91B4-AE81DF111B70}"
EndProject
Global
	GlobalSection(SolutionConfigurationPlatforms) = preSolution
		Debug|Any CPU = Debug|Any CPU
		Release|Any CPU = Release|Any CPU
	EndGlobalSection
	GlobalSection(ProjectConfigurationPlatforms) = postSolution
		{9CB501D6-9ADB-408E-8DEE-8EEB5A0BD649}.Debug|Any CPU.ActiveCfg = Debug|Any CPU
		{9CB501D6-9ADB-408E-8DEE-8EEB5A0BD649}.Debug|Any CPU.Build.0 = Debug|Any CPU
		{9CB501D6-9ADB-408E-8DEE-8EEB5A0BD649}.Release|Any CPU.ActiveCfg = Release|Any CPU
		{9CB501D6-9ADB-408E-8DEE-8EEB5A0BD649}.Release|Any CPU.Build.0 = Release|Any CPU
		{83CE310D-484B-477C-91B4-AE81DF111B70}.Debug|Any CPU.ActiveCfg = Debug|Any CPU
		{83CE310D-484B-477C-91B4-AE81DF111B70}.Debug|Any CPU.Build.0 = Debug|Any CPU
		{83CE310D-484B-477C-91B4-AE81DF111B70}.Release|Any CPU.ActiveCfg = Release|Any CPU
		{83CE310D-484B-477C-91B4-AE81DF111B70}.Release|Any CPU.Build.0 = Release|Any CPU
	EndGlobalSection
	GlobalSection(SolutionProperties) = preSolution
		HideSolutionNode = FALSE
	EndGlobalSection
	GlobalSection(ExtensibilityGlobals) = postSolution
		SolutionGuid = {FD04586B-3579-406E-A9A2-D5355E977CE6}
	EndGlobalSection
EndGlobal
