
Microsoft Visual Studio Solution File, Format Version 12.00
# Visual Studio Version 17
VisualStudioVersion = 17.1.32319.34
MinimumVisualStudioVersion = 10.0.40219.1
Project("{FAE04EC0-301F-11D3-BF4B-00C04F79EFBC}") = "SEDC.Oop.Class02.Variables", "SEDC.Oop.Class02.Variables\SEDC.Oop.Class02.Variables.csproj", "{3D72EC56-03DD-46AA-B60A-800E997F970B}"
EndProject
Global
	GlobalSection(SolutionConfigurationPlatforms) = preSolution
		Debug|Any CPU = Debug|Any CPU
		Release|Any CPU = Release|Any CPU
	EndGlobalSection
	GlobalSection(ProjectConfigurationPlatforms) = postSolution
		{3D72EC56-03DD-46AA-B60A-800E997F970B}.Debug|Any CPU.ActiveCfg = Debug|Any CPU
		{3D72EC56-03DD-46AA-B60A-800E997F970B}.Debug|Any CPU.Build.0 = Debug|Any CPU
		{3D72EC56-03DD-46AA-B60A-800E997F970B}.Release|Any CPU.ActiveCfg = Release|Any CPU
		{3D72EC56-03DD-46AA-B60A-800E997F970B}.Release|Any CPU.Build.0 = Release|Any CPU
	EndGlobalSection
	GlobalSection(SolutionProperties) = preSolution
		HideSolutionNode = FALSE
	EndGlobalSection
	GlobalSection(ExtensibilityGlobals) = postSolution
		SolutionGuid = {9C11BE59-DFBF-4BBA-92A3-1F712D679737}
	EndGlobalSection
EndGlobal
