
Microsoft Visual Studio Solution File, Format Version 12.00
# Visual Studio Version 17
VisualStudioVersion = 17.1.32328.378
MinimumVisualStudioVersion = 10.0.40219.1
Project("{FAE04EC0-301F-11D3-BF4B-00C04F79EFBC}") = "SEDC.Oop.Class05.Homework.SchoolOfMagic", "SEDC.Oop.Class05.Homework.SchoolOfMagic\SEDC.Oop.Class05.Homework.SchoolOfMagic.csproj", "{09C4637B-5ABA-4ED2-A96C-49B76AE2486B}"
EndProject
Global
	GlobalSection(SolutionConfigurationPlatforms) = preSolution
		Debug|Any CPU = Debug|Any CPU
		Release|Any CPU = Release|Any CPU
	EndGlobalSection
	GlobalSection(ProjectConfigurationPlatforms) = postSolution
		{09C4637B-5ABA-4ED2-A96C-49B76AE2486B}.Debug|Any CPU.ActiveCfg = Debug|Any CPU
		{09C4637B-5ABA-4ED2-A96C-49B76AE2486B}.Debug|Any CPU.Build.0 = Debug|Any CPU
		{09C4637B-5ABA-4ED2-A96C-49B76AE2486B}.Release|Any CPU.ActiveCfg = Release|Any CPU
		{09C4637B-5ABA-4ED2-A96C-49B76AE2486B}.Release|Any CPU.Build.0 = Release|Any CPU
	EndGlobalSection
	GlobalSection(SolutionProperties) = preSolution
		HideSolutionNode = FALSE
	EndGlobalSection
	GlobalSection(ExtensibilityGlobals) = postSolution
		SolutionGuid = {8DE4C6C6-AA08-4826-B621-CADB27A3E184}
	EndGlobalSection
EndGlobal
